uuid: c5246caa-8eed-400c-ba4f-282b30d1122e
langcode: en
status: true
dependencies:
  config:
    - core.entity_view_mode.paragraph.address_block
    - field.field.paragraph.address_data.field_address
    - field.field.paragraph.address_data.field_address_location
    - paragraphs.paragraphs_type.address_data
  module:
    - address
_core:
  default_config_hash: DBGJsKu9N8vzCH899UBTf9BazW9qmp9stNNd4sXXzLM
id: paragraph.address_data.address_block
targetEntityType: paragraph
bundle: address_data
mode: address_block
content:
  field_address:
    type: address_default
    label: visually_hidden
    settings: {  }
    third_party_settings: {  }
    weight: 0
    region: content
hidden:
  field_address_location: true
  search_api_excerpt: true
